
Microsoft Visual Studio Solution File, Format Version 12.00
# Visual Studio 15
Project("{FAE04EC0-301F-11D3-BF4B-00C04F79EFBC}") = "Project", "Project.csproj", "{1E491489-A243-4F14-7596-C13EC28254F2}"
EndProject
Project("{FAE04EC0-301F-11D3-BF4B-00C04F79EFBC}") = "EditerTests", "EditerTests.csproj", "{9909BA3E-AAE2-D59E-5842-4D1ACA9DA3CB}"
EndProject
Global
	GlobalSection(SolutionConfigurationPlatforms) = preSolution
		Debug|Any CPU = Debug|Any CPU
		Release|Any CPU = Release|Any CPU
	EndGlobalSection
	GlobalSection(ProjectConfigurationPlatforms) = postSolution
		{1E491489-A243-4F14-7596-C13EC28254F2}.Debug|Any CPU.ActiveCfg = Debug|Any CPU
		{1E491489-A243-4F14-7596-C13EC28254F2}.Debug|Any CPU.Build.0 = Debug|Any CPU
		{1E491489-A243-4F14-7596-C13EC28254F2}.Release|Any CPU.ActiveCfg = Release|Any CPU
		{1E491489-A243-4F14-7596-C13EC28254F2}.Release|Any CPU.Build.0 = Release|Any CPU
		{9909BA3E-AAE2-D59E-5842-4D1ACA9DA3CB}.Debug|Any CPU.ActiveCfg = Debug|Any CPU
		{9909BA3E-AAE2-D59E-5842-4D1ACA9DA3CB}.Debug|Any CPU.Build.0 = Debug|Any CPU
		{9909BA3E-AAE2-D59E-5842-4D1ACA9DA3CB}.Release|Any CPU.ActiveCfg = Release|Any CPU
		{9909BA3E-AAE2-D59E-5842-4D1ACA9DA3CB}.Release|Any CPU.Build.0 = Release|Any CPU
	EndGlobalSection
	GlobalSection(SolutionProperties) = preSolution
		HideSolutionNode = FALSE
	EndGlobalSection
EndGlobal
